
Microsoft Visual Studio Solution File, Format Version 12.00
# Visual Studio Version 17
VisualStudioVersion = 17.0.31903.59
MinimumVisualStudioVersion = 10.0.40219.1
Project("{2150E333-8FDC-42A3-9474-1A3956D46DE8}") = "src", "src", "{827E0CD3-B72D-47B6-A68D-7590B98EB39B}"
EndProject
Project("{FAE04EC0-301F-11D3-BF4B-00C04F79EFBC}") = "Henkan.Core", "src\Henkan.Core\Henkan.Core.csproj", "{38357601-4D16-4A0C-9D79-74361FB0138F}"
EndProject
Project("{FAE04EC0-301F-11D3-BF4B-00C04F79EFBC}") = "Henkan.App", "src\Henkan.App\Henkan.App.csproj", "{4BD1DC6A-27C8-46AE-8450-D1948C2CFA6D}"
EndProject
Project("{2150E333-8FDC-42A3-9474-1A3956D46DE8}") = "tests", "tests", "{0AB3BF05-4346-4AA6-1389-037BE0695223}"
EndProject
Project("{FAE04EC0-301F-11D3-BF4B-00C04F79EFBC}") = "Henkan.Core.Tests", "tests\Henkan.Core.Tests\Henkan.Core.Tests.csproj", "{C4BF949C-C9CA-4525-96EF-89CC74DFABC6}"
EndProject
Project("{FAE04EC0-301F-11D3-BF4B-00C04F79EFBC}") = "Henkan.ShellExtension", "src\Henkan.ShellExtension\Henkan.ShellExtension.csproj", "{7F5303F5-7FD7-424D-B922-7C24A98F98EA}"
EndProject
Project("{FAE04EC0-301F-11D3-BF4B-00C04F79EFBC}") = "Henkan.Cli", "src\Henkan.Cli\Henkan.Cli.csproj", "{0FB0A93C-4AAB-4588-975D-C1CB06D9CBE0}"
EndProject
Global
	GlobalSection(SolutionConfigurationPlatforms) = preSolution
		Debug|Any CPU = Debug|Any CPU
		Debug|x64 = Debug|x64
		Debug|x86 = Debug|x86
		Release|Any CPU = Release|Any CPU
		Release|x64 = Release|x64
		Release|x86 = Release|x86
	EndGlobalSection
	GlobalSection(ProjectConfigurationPlatforms) = postSolution
		{38357601-4D16-4A0C-9D79-74361FB0138F}.Debug|Any CPU.ActiveCfg = Debug|Any CPU
		{38357601-4D16-4A0C-9D79-74361FB0138F}.Debug|Any CPU.Build.0 = Debug|Any CPU
		{38357601-4D16-4A0C-9D79-74361FB0138F}.Debug|x64.ActiveCfg = Debug|Any CPU
		{38357601-4D16-4A0C-9D79-74361FB0138F}.Debug|x64.Build.0 = Debug|Any CPU
		{38357601-4D16-4A0C-9D79-74361FB0138F}.Debug|x86.ActiveCfg = Debug|Any CPU
		{38357601-4D16-4A0C-9D79-74361FB0138F}.Debug|x86.Build.0 = Debug|Any CPU
		{38357601-4D16-4A0C-9D79-74361FB0138F}.Release|Any CPU.ActiveCfg = Release|Any CPU
		{38357601-4D16-4A0C-9D79-74361FB0138F}.Release|Any CPU.Build.0 = Release|Any CPU
		{38357601-4D16-4A0C-9D79-74361FB0138F}.Release|x64.ActiveCfg = Release|Any CPU
		{38357601-4D16-4A0C-9D79-74361FB0138F}.Release|x64.Build.0 = Release|Any CPU
		{38357601-4D16-4A0C-9D79-74361FB0138F}.Release|x86.ActiveCfg = Release|Any CPU
		{38357601-4D16-4A0C-9D79-74361FB0138F}.Release|x86.Build.0 = Release|Any CPU
		{4BD1DC6A-27C8-46AE-8450-D1948C2CFA6D}.Debug|Any CPU.ActiveCfg = Debug|x64
		{4BD1DC6A-27C8-46AE-8450-D1948C2CFA6D}.Debug|Any CPU.Build.0 = Debug|x64
		{4BD1DC6A-27C8-46AE-8450-D1948C2CFA6D}.Debug|x64.ActiveCfg = Debug|x64
		{4BD1DC6A-27C8-46AE-8450-D1948C2CFA6D}.Debug|x64.Build.0 = Debug|x64
		{4BD1DC6A-27C8-46AE-8450-D1948C2CFA6D}.Debug|x86.ActiveCfg = Debug|x64
		{4BD1DC6A-27C8-46AE-8450-D1948C2CFA6D}.Debug|x86.Build.0 = Debug|x64
		{4BD1DC6A-27C8-46AE-8450-D1948C2CFA6D}.Release|Any CPU.ActiveCfg = Release|x64
		{4BD1DC6A-27C8-46AE-8450-D1948C2CFA6D}.Release|Any CPU.Build.0 = Release|x64
		{4BD1DC6A-27C8-46AE-8450-D1948C2CFA6D}.Release|x64.ActiveCfg = Release|x64
		{4BD1DC6A-27C8-46AE-8450-D1948C2CFA6D}.Release|x64.Build.0 = Release|x64
		{4BD1DC6A-27C8-46AE-8450-D1948C2CFA6D}.Release|x86.ActiveCfg = Release|x64
		{4BD1DC6A-27C8-46AE-8450-D1948C2CFA6D}.Release|x86.Build.0 = Release|x64
		{C4BF949C-C9CA-4525-96EF-89CC74DFABC6}.Debug|Any CPU.ActiveCfg = Debug|Any CPU
		{C4BF949C-C9CA-4525-96EF-89CC74DFABC6}.Debug|Any CPU.Build.0 = Debug|Any CPU
		{C4BF949C-C9CA-4525-96EF-89CC74DFABC6}.Debug|x64.ActiveCfg = Debug|Any CPU
		{C4BF949C-C9CA-4525-96EF-89CC74DFABC6}.Debug|x64.Build.0 = Debug|Any CPU
		{C4BF949C-C9CA-4525-96EF-89CC74DFABC6}.Debug|x86.ActiveCfg = Debug|Any CPU
		{C4BF949C-C9CA-4525-96EF-89CC74DFABC6}.Debug|x86.Build.0 = Debug|Any CPU
		{C4BF949C-C9CA-4525-96EF-89CC74DFABC6}.Release|Any CPU.ActiveCfg = Release|Any CPU
		{C4BF949C-C9CA-4525-96EF-89CC74DFABC6}.Release|Any CPU.Build.0 = Release|Any CPU
		{C4BF949C-C9CA-4525-96EF-89CC74DFABC6}.Release|x64.ActiveCfg = Release|Any CPU
		{C4BF949C-C9CA-4525-96EF-89CC74DFABC6}.Release|x64.Build.0 = Release|Any CPU
		{C4BF949C-C9CA-4525-96EF-89CC74DFABC6}.Release|x86.ActiveCfg = Release|Any CPU
		{C4BF949C-C9CA-4525-96EF-89CC74DFABC6}.Release|x86.Build.0 = Release|Any CPU
		{7F5303F5-7FD7-424D-B922-7C24A98F98EA}.Debug|Any CPU.ActiveCfg = Debug|x64
		{7F5303F5-7FD7-424D-B922-7C24A98F98EA}.Debug|Any CPU.Build.0 = Debug|x64
		{7F5303F5-7FD7-424D-B922-7C24A98F98EA}.Debug|x64.ActiveCfg = Debug|x64
		{7F5303F5-7FD7-424D-B922-7C24A98F98EA}.Debug|x64.Build.0 = Debug|x64
		{7F5303F5-7FD7-424D-B922-7C24A98F98EA}.Debug|x86.ActiveCfg = Debug|x64
		{7F5303F5-7FD7-424D-B922-7C24A98F98EA}.Debug|x86.Build.0 = Debug|x64
		{7F5303F5-7FD7-424D-B922-7C24A98F98EA}.Release|Any CPU.ActiveCfg = Release|x64
		{7F5303F5-7FD7-424D-B922-7C24A98F98EA}.Release|Any CPU.Build.0 = Release|x64
		{7F5303F5-7FD7-424D-B922-7C24A98F98EA}.Release|x64.ActiveCfg = Release|x64
		{7F5303F5-7FD7-424D-B922-7C24A98F98EA}.Release|x64.Build.0 = Release|x64
		{7F5303F5-7FD7-424D-B922-7C24A98F98EA}.Release|x86.ActiveCfg = Release|x64
		{7F5303F5-7FD7-424D-B922-7C24A98F98EA}.Release|x86.Build.0 = Release|x64
		{0FB0A93C-4AAB-4588-975D-C1CB06D9CBE0}.Debug|Any CPU.ActiveCfg = Debug|x64
		{0FB0A93C-4AAB-4588-975D-C1CB06D9CBE0}.Debug|Any CPU.Build.0 = Debug|x64
		{0FB0A93C-4AAB-4588-975D-C1CB06D9CBE0}.Debug|x64.ActiveCfg = Debug|x64
		{0FB0A93C-4AAB-4588-975D-C1CB06D9CBE0}.Debug|x64.Build.0 = Debug|x64
		{0FB0A93C-4AAB-4588-975D-C1CB06D9CBE0}.Debug|x86.ActiveCfg = Debug|x64
		{0FB0A93C-4AAB-4588-975D-C1CB06D9CBE0}.Debug|x86.Build.0 = Debug|x64
		{0FB0A93C-4AAB-4588-975D-C1CB06D9CBE0}.Release|Any CPU.ActiveCfg = Release|x64
		{0FB0A93C-4AAB-4588-975D-C1CB06D9CBE0}.Release|Any CPU.Build.0 = Release|x64
		{0FB0A93C-4AAB-4588-975D-C1CB06D9CBE0}.Release|x64.ActiveCfg = Release|x64
		{0FB0A93C-4AAB-4588-975D-C1CB06D9CBE0}.Release|x64.Build.0 = Release|x64
		{0FB0A93C-4AAB-4588-975D-C1CB06D9CBE0}.Release|x86.ActiveCfg = Release|x64
		{0FB0A93C-4AAB-4588-975D-C1CB06D9CBE0}.Release|x86.Build.0 = Release|x64
	EndGlobalSection
	GlobalSection(SolutionProperties) = preSolution
		HideSolutionNode = FALSE
	EndGlobalSection
	GlobalSection(NestedProjects) = preSolution
		{38357601-4D16-4A0C-9D79-74361FB0138F} = {827E0CD3-B72D-47B6-A68D-7590B98EB39B}
		{4BD1DC6A-27C8-46AE-8450-D1948C2CFA6D} = {827E0CD3-B72D-47B6-A68D-7590B98EB39B}
		{C4BF949C-C9CA-4525-96EF-89CC74DFABC6} = {0AB3BF05-4346-4AA6-1389-037BE0695223}
		{7F5303F5-7FD7-424D-B922-7C24A98F98EA} = {827E0CD3-B72D-47B6-A68D-7590B98EB39B}
		{0FB0A93C-4AAB-4588-975D-C1CB06D9CBE0} = {827E0CD3-B72D-47B6-A68D-7590B98EB39B}
	EndGlobalSection
EndGlobal
